{
  "pins" : [
    {
      "identity" : "menubarextraaccess",
      "kind" : "remoteSourceControl",
      "location" : "https://github.com/orchetect/MenuBarExtraAccess",
      "state" : {
        "revision" : "8757eb7c2cd708320df92e6ad6572efe90e58f16",
        "version" : "1.0.4"
      }
    }
  ],
  "version" : 2
}
