// !$*UTF8*$!
{
	archiveVersion = 1;
	classes = {
	};
	objectVersion = 56;
	objects = {

/* Begin PBXBuildFile section */
		035C74C82A54805000F533C6 /* MenuBarExtraAccess in Frameworks */ = {isa = PBXBuildFile; productRef = 035C74C72A54805000F533C6 /* MenuBarExtraAccess */; };
		0364EC8129E0766600D9603A /* HomeView.swift in Sources */ = {isa = PBXBuildFile; fileRef = 0364EC8029E0766600D9603A /* HomeView.swift */; };
		037E0CFF2A598B4B00F2A0EE /* ListengDogAppState.swift in Sources */ = {isa = PBXBuildFile; fileRef = 037E0CFE2A598B4B00F2A0EE /* ListengDogAppState.swift */; };
		038371AD29CF3FDB0036E44A /* PairingDevicesView.swift in Sources */ = {isa = PBXBuildFile; fileRef = 038371AC29CF3FDB0036E44A /* PairingDevicesView.swift */; };
		038371AF29CF44C40036E44A /* PairedDevicesObject.swift in Sources */ = {isa = PBXBuildFile; fileRef = 038371AE29CF44C40036E44A /* PairedDevicesObject.swift */; };
		038371B529CF53150036E44A /* Constants.swift in Sources */ = {isa = PBXBuildFile; fileRef = 038371B429CF53150036E44A /* Constants.swift */; };
		038371B829CF5AE80036E44A /* MyMacInfoView.swift in Sources */ = {isa = PBXBuildFile; fileRef = 038371B729CF5AE80036E44A /* MyMacInfoView.swift */; };
		038371BC29D015750036E44A /* BluetoothDeviceInfoObject.swift in Sources */ = {isa = PBXBuildFile; fileRef = 038371BB29D015750036E44A /* BluetoothDeviceInfoObject.swift */; };
		038371C029D057F80036E44A /* SectionHeaderView.swift in Sources */ = {isa = PBXBuildFile; fileRef = 038371BF29D057F80036E44A /* SectionHeaderView.swift */; };
		0399687A29CEDF770089DC0A /* MenuBarExtraView.swift in Sources */ = {isa = PBXBuildFile; fileRef = 0399687929CEDF770089DC0A /* MenuBarExtraView.swift */; };
		0399687E29CEE5530089DC0A /* BluetoothManager.swift in Sources */ = {isa = PBXBuildFile; fileRef = 0399687D29CEE5530089DC0A /* BluetoothManager.swift */; };
		03CF7CAF29D099090034BE93 /* GlobalFunctions.swift in Sources */ = {isa = PBXBuildFile; fileRef = 03CF7CAE29D099090034BE93 /* GlobalFunctions.swift */; };
		03DB565429CF32FC00D557C0 /* MyMacManager.swift in Sources */ = {isa = PBXBuildFile; fileRef = 03DB565329CF32FC00D557C0 /* MyMacManager.swift */; };
		03E0B9DD29CA095F00C1C923 /* ListeningDogApp.swift in Sources */ = {isa = PBXBuildFile; fileRef = 03E0B9DC29CA095F00C1C923 /* ListeningDogApp.swift */; };
		03E0B9E129CA096000C1C923 /* Assets.xcassets in Resources */ = {isa = PBXBuildFile; fileRef = 03E0B9E029CA096000C1C923 /* Assets.xcassets */; };
		03E0B9E429CA096000C1C923 /* Preview Assets.xcassets in Resources */ = {isa = PBXBuildFile; fileRef = 03E0B9E329CA096000C1C923 /* Preview Assets.xcassets */; };
		03E0B9EC29CA0D0300C1C923 /* StatusBarController.swift in Sources */ = {isa = PBXBuildFile; fileRef = 03E0B9EB29CA0D0300C1C923 /* StatusBarController.swift */; };
		03E1BFB329D7019D00E12B8A /* Extentions+SwiftUI.swift in Sources */ = {isa = PBXBuildFile; fileRef = 03E1BFB229D7019D00E12B8A /* Extentions+SwiftUI.swift */; };
		03FDBB1529CA25FB0037C9C9 /* EventMonitor.swift in Sources */ = {isa = PBXBuildFile; fileRef = 03FDBB1429CA25FB0037C9C9 /* EventMonitor.swift */; };
/* End PBXBuildFile section */

/* Begin PBXFileReference section */
		0364EC8029E0766600D9603A /* HomeView.swift */ = {isa = PBXFileReference; lastKnownFileType = sourcecode.swift; path = HomeView.swift; sourceTree = "<group>"; };
		037E0CFE2A598B4B00F2A0EE /* ListengDogAppState.swift */ = {isa = PBXFileReference; lastKnownFileType = sourcecode.swift; path = ListengDogAppState.swift; sourceTree = "<group>"; };
		038371AC29CF3FDB0036E44A /* PairingDevicesView.swift */ = {isa = PBXFileReference; lastKnownFileType = sourcecode.swift; path = PairingDevicesView.swift; sourceTree = "<group>"; };
		038371AE29CF44C40036E44A /* PairedDevicesObject.swift */ = {isa = PBXFileReference; lastKnownFileType = sourcecode.swift; path = PairedDevicesObject.swift; sourceTree = "<group>"; };
		038371B429CF53150036E44A /* Constants.swift */ = {isa = PBXFileReference; lastKnownFileType = sourcecode.swift; path = Constants.swift; sourceTree = "<group>"; };
		038371B729CF5AE80036E44A /* MyMacInfoView.swift */ = {isa = PBXFileReference; lastKnownFileType = sourcecode.swift; path = MyMacInfoView.swift; sourceTree = "<group>"; };
		038371BB29D015750036E44A /* BluetoothDeviceInfoObject.swift */ = {isa = PBXFileReference; lastKnownFileType = sourcecode.swift; path = BluetoothDeviceInfoObject.swift; sourceTree = "<group>"; };
		038371BF29D057F80036E44A /* SectionHeaderView.swift */ = {isa = PBXFileReference; lastKnownFileType = sourcecode.swift; path = SectionHeaderView.swift; sourceTree = "<group>"; };
		0399687929CEDF770089DC0A /* MenuBarExtraView.swift */ = {isa = PBXFileReference; lastKnownFileType = sourcecode.swift; path = MenuBarExtraView.swift; sourceTree = "<group>"; };
		0399687D29CEE5530089DC0A /* BluetoothManager.swift */ = {isa = PBXFileReference; lastKnownFileType = sourcecode.swift; path = BluetoothManager.swift; sourceTree = "<group>"; };
		0399688029CEFD960089DC0A /* ListeningDog-Bridging-Header.h */ = {isa = PBXFileReference; lastKnownFileType = sourcecode.c.h; path = "ListeningDog-Bridging-Header.h"; sourceTree = "<group>"; };
		03CF7CAE29D099090034BE93 /* GlobalFunctions.swift */ = {isa = PBXFileReference; lastKnownFileType = sourcecode.swift; path = GlobalFunctions.swift; sourceTree = "<group>"; };
		03DB565329CF32FC00D557C0 /* MyMacManager.swift */ = {isa = PBXFileReference; lastKnownFileType = sourcecode.swift; path = MyMacManager.swift; sourceTree = "<group>"; };
		03E0B9D929CA095F00C1C923 /* ListeningDog.app */ = {isa = PBXFileReference; explicitFileType = wrapper.application; includeInIndex = 0; path = ListeningDog.app; sourceTree = BUILT_PRODUCTS_DIR; };
		03E0B9DC29CA095F00C1C923 /* ListeningDogApp.swift */ = {isa = PBXFileReference; lastKnownFileType = sourcecode.swift; path = ListeningDogApp.swift; sourceTree = "<group>"; };
		03E0B9E029CA096000C1C923 /* Assets.xcassets */ = {isa = PBXFileReference; lastKnownFileType = folder.assetcatalog; path = Assets.xcassets; sourceTree = "<group>"; };
		03E0B9E329CA096000C1C923 /* Preview Assets.xcassets */ = {isa = PBXFileReference; lastKnownFileType = folder.assetcatalog; path = "Preview Assets.xcassets"; sourceTree = "<group>"; };
		03E0B9E529CA096000C1C923 /* ListeningDog.entitlements */ = {isa = PBXFileReference; lastKnownFileType = text.plist.entitlements; path = ListeningDog.entitlements; sourceTree = "<group>"; };
		03E0B9EB29CA0D0300C1C923 /* StatusBarController.swift */ = {isa = PBXFileReference; lastKnownFileType = sourcecode.swift; path = StatusBarController.swift; sourceTree = "<group>"; };
		03E1BFB229D7019D00E12B8A /* Extentions+SwiftUI.swift */ = {isa = PBXFileReference; lastKnownFileType = sourcecode.swift; path = "Extentions+SwiftUI.swift"; sourceTree = "<group>"; };
		03FDBB1429CA25FB0037C9C9 /* EventMonitor.swift */ = {isa = PBXFileReference; lastKnownFileType = sourcecode.swift; path = EventMonitor.swift; sourceTree = "<group>"; };
/* End PBXFileReference section */

/* Begin PBXFrameworksBuildPhase section */
		03E0B9D629CA095F00C1C923 /* Frameworks */ = {
			isa = PBXFrameworksBuildPhase;
			buildActionMask = 2147483647;
			files = (
				035C74C82A54805000F533C6 /* MenuBarExtraAccess in Frameworks */,
			);
			runOnlyForDeploymentPostprocessing = 0;
		};
/* End PBXFrameworksBuildPhase section */

/* Begin PBXGroup section */
		0364EC7F29E0764A00D9603A /* Main Windows */ = {
			isa = PBXGroup;
			children = (
				0364EC8029E0766600D9603A /* HomeView.swift */,
			);
			path = "Main Windows";
			sourceTree = "<group>";
		};
		038371AB29CF3D000036E44A /* MenuBar */ = {
			isa = PBXGroup;
			children = (
				0399687929CEDF770089DC0A /* MenuBarExtraView.swift */,
				03E1BFB429D701BB00E12B8A /* myMac section */,
				03E1BFAF29D6F5E400E12B8A /* pairing-devices section */,
			);
			path = MenuBar;
			sourceTree = "<group>";
		};
		038371B029CF4FE80036E44A /* CustomViews */ = {
			isa = PBXGroup;
			children = (
				038371BF29D057F80036E44A /* SectionHeaderView.swift */,
			);
			path = CustomViews;
			sourceTree = "<group>";
		};
		038371B329CF530B0036E44A /* Utils */ = {
			isa = PBXGroup;
			children = (
				038371B429CF53150036E44A /* Constants.swift */,
				03CF7CAE29D099090034BE93 /* GlobalFunctions.swift */,
				0399687D29CEE5530089DC0A /* BluetoothManager.swift */,
				03E1BFB229D7019D00E12B8A /* Extentions+SwiftUI.swift */,
			);
			path = Utils;
			sourceTree = "<group>";
		};
		038371B629CF533C0036E44A /* UI */ = {
			isa = PBXGroup;
			children = (
				0364EC7F29E0764A00D9603A /* Main Windows */,
				038371AB29CF3D000036E44A /* MenuBar */,
				038371B029CF4FE80036E44A /* CustomViews */,
			);
			path = UI;
			sourceTree = "<group>";
		};
		03DA674D2A52A4A0006F2583 /* ObservableObject */ = {
			isa = PBXGroup;
			children = (
				037E0CFE2A598B4B00F2A0EE /* ListengDogAppState.swift */,
				038371AE29CF44C40036E44A /* PairedDevicesObject.swift */,
				038371BB29D015750036E44A /* BluetoothDeviceInfoObject.swift */,
			);
			path = ObservableObject;
			sourceTree = "<group>";
		};
		03DB565129CF323B00D557C0 /* Description */ = {
			isa = PBXGroup;
			children = (
				03FDBB1429CA25FB0037C9C9 /* EventMonitor.swift */,
				03E0B9EB29CA0D0300C1C923 /* StatusBarController.swift */,
			);
			path = Description;
			sourceTree = "<group>";
		};
		03DB565229CF325000D557C0 /* Files */ = {
			isa = PBXGroup;
			children = (
				03E0B9E229CA096000C1C923 /* Preview Content */,
				03E0B9E029CA096000C1C923 /* Assets.xcassets */,
				03E0B9E529CA096000C1C923 /* ListeningDog.entitlements */,
				0399688029CEFD960089DC0A /* ListeningDog-Bridging-Header.h */,
			);
			path = Files;
			sourceTree = "<group>";
		};
		03E0B9D029CA095F00C1C923 = {
			isa = PBXGroup;
			children = (
				03E0B9DB29CA095F00C1C923 /* ListeningDog */,
				03E0B9DA29CA095F00C1C923 /* Products */,
			);
			sourceTree = "<group>";
		};
		03E0B9DA29CA095F00C1C923 /* Products */ = {
			isa = PBXGroup;
			children = (
				03E0B9D929CA095F00C1C923 /* ListeningDog.app */,
			);
			name = Products;
			sourceTree = "<group>";
		};
		03E0B9DB29CA095F00C1C923 /* ListeningDog */ = {
			isa = PBXGroup;
			children = (
				03E0B9DC29CA095F00C1C923 /* ListeningDogApp.swift */,
				038371B329CF530B0036E44A /* Utils */,
				03DA674D2A52A4A0006F2583 /* ObservableObject */,
				038371B629CF533C0036E44A /* UI */,
				03DB565129CF323B00D557C0 /* Description */,
				03DB565229CF325000D557C0 /* Files */,
			);
			path = ListeningDog;
			sourceTree = "<group>";
		};
		03E0B9E229CA096000C1C923 /* Preview Content */ = {
			isa = PBXGroup;
			children = (
				03E0B9E329CA096000C1C923 /* Preview Assets.xcassets */,
			);
			path = "Preview Content";
			sourceTree = "<group>";
		};
		03E1BFAF29D6F5E400E12B8A /* pairing-devices section */ = {
			isa = PBXGroup;
			children = (
				038371AC29CF3FDB0036E44A /* PairingDevicesView.swift */,
			);
			path = "pairing-devices section";
			sourceTree = "<group>";
		};
		03E1BFB429D701BB00E12B8A /* myMac section */ = {
			isa = PBXGroup;
			children = (
				038371B729CF5AE80036E44A /* MyMacInfoView.swift */,
				03DB565329CF32FC00D557C0 /* MyMacManager.swift */,
			);
			path = "myMac section";
			sourceTree = "<group>";
		};
/* End PBXGroup section */

/* Begin PBXNativeTarget section */
		03E0B9D829CA095F00C1C923 /* ListeningDog */ = {
			isa = PBXNativeTarget;
			buildConfigurationList = 03E0B9E829CA096000C1C923 /* Build configuration list for PBXNativeTarget "ListeningDog" */;
			buildPhases = (
				03E0B9D529CA095F00C1C923 /* Sources */,
				03E0B9D629CA095F00C1C923 /* Frameworks */,
				03E0B9D729CA095F00C1C923 /* Resources */,
			);
			buildRules = (
			);
			dependencies = (
			);
			name = ListeningDog;
			packageProductDependencies = (
				035C74C72A54805000F533C6 /* MenuBarExtraAccess */,
			);
			productName = ListeningDog;
			productReference = 03E0B9D929CA095F00C1C923 /* ListeningDog.app */;
			productType = "com.apple.product-type.application";
		};
/* End PBXNativeTarget section */

/* Begin PBXProject section */
		03E0B9D129CA095F00C1C923 /* Project object */ = {
			isa = PBXProject;
			attributes = {
				BuildIndependentTargetsInParallel = 1;
				LastSwiftUpdateCheck = 1420;
				LastUpgradeCheck = 1420;
				TargetAttributes = {
					03E0B9D829CA095F00C1C923 = {
						CreatedOnToolsVersion = 14.2;
					};
				};
			};
			buildConfigurationList = 03E0B9D429CA095F00C1C923 /* Build configuration list for PBXProject "ListeningDog" */;
			compatibilityVersion = "Xcode 14.0";
			developmentRegion = en;
			hasScannedForEncodings = 0;
			knownRegions = (
				en,
				Base,
			);
			mainGroup = 03E0B9D029CA095F00C1C923;
			packageReferences = (
				035C74C62A54805000F533C6 /* XCRemoteSwiftPackageReference "MenuBarExtraAccess" */,
			);
			productRefGroup = 03E0B9DA29CA095F00C1C923 /* Products */;
			projectDirPath = "";
			projectRoot = "";
			targets = (
				03E0B9D829CA095F00C1C923 /* ListeningDog */,
			);
		};
/* End PBXProject section */

/* Begin PBXResourcesBuildPhase section */
		03E0B9D729CA095F00C1C923 /* Resources */ = {
			isa = PBXResourcesBuildPhase;
			buildActionMask = 2147483647;
			files = (
				03E0B9E429CA096000C1C923 /* Preview Assets.xcassets in Resources */,
				03E0B9E129CA096000C1C923 /* Assets.xcassets in Resources */,
			);
			runOnlyForDeploymentPostprocessing = 0;
		};
/* End PBXResourcesBuildPhase section */

/* Begin PBXSourcesBuildPhase section */
		03E0B9D529CA095F00C1C923 /* Sources */ = {
			isa = PBXSourcesBuildPhase;
			buildActionMask = 2147483647;
			files = (
				0399687A29CEDF770089DC0A /* MenuBarExtraView.swift in Sources */,
				03CF7CAF29D099090034BE93 /* GlobalFunctions.swift in Sources */,
				038371BC29D015750036E44A /* BluetoothDeviceInfoObject.swift in Sources */,
				0364EC8129E0766600D9603A /* HomeView.swift in Sources */,
				03E1BFB329D7019D00E12B8A /* Extentions+SwiftUI.swift in Sources */,
				037E0CFF2A598B4B00F2A0EE /* ListengDogAppState.swift in Sources */,
				03DB565429CF32FC00D557C0 /* MyMacManager.swift in Sources */,
				038371AD29CF3FDB0036E44A /* PairingDevicesView.swift in Sources */,
				038371B529CF53150036E44A /* Constants.swift in Sources */,
				03E0B9EC29CA0D0300C1C923 /* StatusBarController.swift in Sources */,
				038371AF29CF44C40036E44A /* PairedDevicesObject.swift in Sources */,
				038371B829CF5AE80036E44A /* MyMacInfoView.swift in Sources */,
				03FDBB1529CA25FB0037C9C9 /* EventMonitor.swift in Sources */,
				038371C029D057F80036E44A /* SectionHeaderView.swift in Sources */,
				03E0B9DD29CA095F00C1C923 /* ListeningDogApp.swift in Sources */,
				0399687E29CEE5530089DC0A /* BluetoothManager.swift in Sources */,
			);
			runOnlyForDeploymentPostprocessing = 0;
		};
/* End PBXSourcesBuildPhase section */

/* Begin XCBuildConfiguration section */
		03E0B9E629CA096000C1C923 /* Debug */ = {
			isa = XCBuildConfiguration;
			buildSettings = {
				ALWAYS_SEARCH_USER_PATHS = NO;
				CLANG_ANALYZER_NONNULL = YES;
				CLANG_ANALYZER_NUMBER_OBJECT_CONVERSION = YES_AGGRESSIVE;
				CLANG_CXX_LANGUAGE_STANDARD = "gnu++20";
				CLANG_ENABLE_MODULES = YES;
				CLANG_ENABLE_OBJC_ARC = YES;
				CLANG_ENABLE_OBJC_WEAK = YES;
				CLANG_WARN_BLOCK_CAPTURE_AUTORELEASING = YES;
				CLANG_WARN_BOOL_CONVERSION = YES;
				CLANG_WARN_COMMA = YES;
				CLANG_WARN_CONSTANT_CONVERSION = YES;
				CLANG_WARN_DEPRECATED_OBJC_IMPLEMENTATIONS = YES;
				CLANG_WARN_DIRECT_OBJC_ISA_USAGE = YES_ERROR;
				CLANG_WARN_DOCUMENTATION_COMMENTS = YES;
				CLANG_WARN_EMPTY_BODY = YES;
				CLANG_WARN_ENUM_CONVERSION = YES;
				CLANG_WARN_INFINITE_RECURSION = YES;
				CLANG_WARN_INT_CONVERSION = YES;
				CLANG_WARN_NON_LITERAL_NULL_CONVERSION = YES;
				CLANG_WARN_OBJC_IMPLICIT_RETAIN_SELF = YES;
				CLANG_WARN_OBJC_LITERAL_CONVERSION = YES;
				CLANG_WARN_OBJC_ROOT_CLASS = YES_ERROR;
				CLANG_WARN_QUOTED_INCLUDE_IN_FRAMEWORK_HEADER = YES;
				CLANG_WARN_RANGE_LOOP_ANALYSIS = YES;
				CLANG_WARN_STRICT_PROTOTYPES = YES;
				CLANG_WARN_SUSPICIOUS_MOVE = YES;
				CLANG_WARN_UNGUARDED_AVAILABILITY = YES_AGGRESSIVE;
				CLANG_WARN_UNREACHABLE_CODE = YES;
				CLANG_WARN__DUPLICATE_METHOD_MATCH = YES;
				COPY_PHASE_STRIP = NO;
				DEBUG_INFORMATION_FORMAT = dwarf;
				ENABLE_STRICT_OBJC_MSGSEND = YES;
				ENABLE_TESTABILITY = YES;
				GCC_C_LANGUAGE_STANDARD = gnu11;
				GCC_DYNAMIC_NO_PIC = NO;
				GCC_NO_COMMON_BLOCKS = YES;
				GCC_OPTIMIZATION_LEVEL = 0;
				GCC_PREPROCESSOR_DEFINITIONS = (
					"DEBUG=1",
					"$(inherited)",
				);
				GCC_WARN_64_TO_32_BIT_CONVERSION = YES;
				GCC_WARN_ABOUT_RETURN_TYPE = YES_ERROR;
				GCC_WARN_UNDECLARED_SELECTOR = YES;
				GCC_WARN_UNINITIALIZED_AUTOS = YES_AGGRESSIVE;
				GCC_WARN_UNUSED_FUNCTION = YES;
				GCC_WARN_UNUSED_VARIABLE = YES;
				MACOSX_DEPLOYMENT_TARGET = 13.1;
				MTL_ENABLE_DEBUG_INFO = INCLUDE_SOURCE;
				MTL_FAST_MATH = YES;
				ONLY_ACTIVE_ARCH = YES;
				SDKROOT = macosx;
				SWIFT_ACTIVE_COMPILATION_CONDITIONS = DEBUG;
				SWIFT_OPTIMIZATION_LEVEL = "-Onone";
			};
			name = Debug;
		};
		03E0B9E729CA096000C1C923 /* Release */ = {
			isa = XCBuildConfiguration;
			buildSettings = {
				ALWAYS_SEARCH_USER_PATHS = NO;
				CLANG_ANALYZER_NONNULL = YES;
				CLANG_ANALYZER_NUMBER_OBJECT_CONVERSION = YES_AGGRESSIVE;
				CLANG_CXX_LANGUAGE_STANDARD = "gnu++20";
				CLANG_ENABLE_MODULES = YES;
				CLANG_ENABLE_OBJC_ARC = YES;
				CLANG_ENABLE_OBJC_WEAK = YES;
				CLANG_WARN_BLOCK_CAPTURE_AUTORELEASING = YES;
				CLANG_WARN_BOOL_CONVERSION = YES;
				CLANG_WARN_COMMA = YES;
				CLANG_WARN_CONSTANT_CONVERSION = YES;
				CLANG_WARN_DEPRECATED_OBJC_IMPLEMENTATIONS = YES;
				CLANG_WARN_DIRECT_OBJC_ISA_USAGE = YES_ERROR;
				CLANG_WARN_DOCUMENTATION_COMMENTS = YES;
				CLANG_WARN_EMPTY_BODY = YES;
				CLANG_WARN_ENUM_CONVERSION = YES;
				CLANG_WARN_INFINITE_RECURSION = YES;
				CLANG_WARN_INT_CONVERSION = YES;
				CLANG_WARN_NON_LITERAL_NULL_CONVERSION = YES;
				CLANG_WARN_OBJC_IMPLICIT_RETAIN_SELF = YES;
				CLANG_WARN_OBJC_LITERAL_CONVERSION = YES;
				CLANG_WARN_OBJC_ROOT_CLASS = YES_ERROR;
				CLANG_WARN_QUOTED_INCLUDE_IN_FRAMEWORK_HEADER = YES;
				CLANG_WARN_RANGE_LOOP_ANALYSIS = YES;
				CLANG_WARN_STRICT_PROTOTYPES = YES;
				CLANG_WARN_SUSPICIOUS_MOVE = YES;
				CLANG_WARN_UNGUARDED_AVAILABILITY = YES_AGGRESSIVE;
				CLANG_WARN_UNREACHABLE_CODE = YES;
				CLANG_WARN__DUPLICATE_METHOD_MATCH = YES;
				COPY_PHASE_STRIP = NO;
				DEBUG_INFORMATION_FORMAT = "dwarf-with-dsym";
				ENABLE_NS_ASSERTIONS = NO;
				ENABLE_STRICT_OBJC_MSGSEND = YES;
				GCC_C_LANGUAGE_STANDARD = gnu11;
				GCC_NO_COMMON_BLOCKS = YES;
				GCC_WARN_64_TO_32_BIT_CONVERSION = YES;
				GCC_WARN_ABOUT_RETURN_TYPE = YES_ERROR;
				GCC_WARN_UNDECLARED_SELECTOR = YES;
				GCC_WARN_UNINITIALIZED_AUTOS = YES_AGGRESSIVE;
				GCC_WARN_UNUSED_FUNCTION = YES;
				GCC_WARN_UNUSED_VARIABLE = YES;
				MACOSX_DEPLOYMENT_TARGET = 13.1;
				MTL_ENABLE_DEBUG_INFO = NO;
				MTL_FAST_MATH = YES;
				SDKROOT = macosx;
				SWIFT_COMPILATION_MODE = wholemodule;
				SWIFT_OPTIMIZATION_LEVEL = "-O";
			};
			name = Release;
		};
		03E0B9E929CA096000C1C923 /* Debug */ = {
			isa = XCBuildConfiguration;
			buildSettings = {
				ASSETCATALOG_COMPILER_APPICON_NAME = AppIcon;
				ASSETCATALOG_COMPILER_GLOBAL_ACCENT_COLOR_NAME = AccentColor;
				CODE_SIGN_ENTITLEMENTS = ListeningDog/Files/ListeningDog.entitlements;
				CODE_SIGN_STYLE = Automatic;
				COMBINE_HIDPI_IMAGES = YES;
				CURRENT_PROJECT_VERSION = 1;
				DEVELOPMENT_ASSET_PATHS = "\"ListeningDog/Files/Preview Content\"";
				DEVELOPMENT_TEAM = 2Z9N6W59ZG;
				ENABLE_HARDENED_RUNTIME = YES;
				ENABLE_PREVIEWS = YES;
				GENERATE_INFOPLIST_FILE = YES;
				INFOPLIST_KEY_LSUIElement = NO;
				INFOPLIST_KEY_NSBluetoothAlwaysUsageDescription = "This app uses Bluetooth to discover nearby devices.";
				INFOPLIST_KEY_NSHumanReadableCopyright = "";
				LD_RUNPATH_SEARCH_PATHS = (
					"$(inherited)",
					"@executable_path/../Frameworks",
				);
				MARKETING_VERSION = 1.0;
				PRODUCT_BUNDLE_IDENTIFIER = Mies.ListeningDog;
				PRODUCT_NAME = "$(TARGET_NAME)";
				SWIFT_EMIT_LOC_STRINGS = YES;
				SWIFT_OBJC_BRIDGING_HEADER = "$(SRCROOT)/ListeningDog/Files/ListeningDog-Bridging-Header.h";
				SWIFT_VERSION = 5.0;
			};
			name = Debug;
		};
		03E0B9EA29CA096000C1C923 /* Release */ = {
			isa = XCBuildConfiguration;
			buildSettings = {
				ASSETCATALOG_COMPILER_APPICON_NAME = AppIcon;
				ASSETCATALOG_COMPILER_GLOBAL_ACCENT_COLOR_NAME = AccentColor;
				CODE_SIGN_ENTITLEMENTS = ListeningDog/Files/ListeningDog.entitlements;
				CODE_SIGN_STYLE = Automatic;
				COMBINE_HIDPI_IMAGES = YES;
				CURRENT_PROJECT_VERSION = 1;
				DEVELOPMENT_ASSET_PATHS = "\"ListeningDog/Files/Preview Content\"";
				DEVELOPMENT_TEAM = 2Z9N6W59ZG;
				ENABLE_HARDENED_RUNTIME = YES;
				ENABLE_PREVIEWS = YES;
				GENERATE_INFOPLIST_FILE = YES;
				INFOPLIST_KEY_LSUIElement = NO;
				INFOPLIST_KEY_NSBluetoothAlwaysUsageDescription = "This app uses Bluetooth to discover nearby devices.";
				INFOPLIST_KEY_NSHumanReadableCopyright = "";
				LD_RUNPATH_SEARCH_PATHS = (
					"$(inherited)",
					"@executable_path/../Frameworks",
				);
				MARKETING_VERSION = 1.0;
				PRODUCT_BUNDLE_IDENTIFIER = Mies.ListeningDog;
				PRODUCT_NAME = "$(TARGET_NAME)";
				SWIFT_EMIT_LOC_STRINGS = YES;
				SWIFT_OBJC_BRIDGING_HEADER = "$(SRCROOT)/ListeningDog/Files/ListeningDog-Bridging-Header.h";
				SWIFT_VERSION = 5.0;
			};
			name = Release;
		};
/* End XCBuildConfiguration section */

/* Begin XCConfigurationList section */
		03E0B9D429CA095F00C1C923 /* Build configuration list for PBXProject "ListeningDog" */ = {
			isa = XCConfigurationList;
			buildConfigurations = (
				03E0B9E629CA096000C1C923 /* Debug */,
				03E0B9E729CA096000C1C923 /* Release */,
			);
			defaultConfigurationIsVisible = 0;
			defaultConfigurationName = Release;
		};
		03E0B9E829CA096000C1C923 /* Build configuration list for PBXNativeTarget "ListeningDog" */ = {
			isa = XCConfigurationList;
			buildConfigurations = (
				03E0B9E929CA096000C1C923 /* Debug */,
				03E0B9EA29CA096000C1C923 /* Release */,
			);
			defaultConfigurationIsVisible = 0;
			defaultConfigurationName = Release;
		};
/* End XCConfigurationList section */

/* Begin XCRemoteSwiftPackageReference section */
		035C74C62A54805000F533C6 /* XCRemoteSwiftPackageReference "MenuBarExtraAccess" */ = {
			isa = XCRemoteSwiftPackageReference;
			repositoryURL = "https://github.com/orchetect/MenuBarExtraAccess";
			requirement = {
				kind = exactVersion;
				version = 1.0.4;
			};
		};
/* End XCRemoteSwiftPackageReference section */

/* Begin XCSwiftPackageProductDependency section */
		035C74C72A54805000F533C6 /* MenuBarExtraAccess */ = {
			isa = XCSwiftPackageProductDependency;
			package = 035C74C62A54805000F533C6 /* XCRemoteSwiftPackageReference "MenuBarExtraAccess" */;
			productName = MenuBarExtraAccess;
		};
/* End XCSwiftPackageProductDependency section */
	};
	rootObject = 03E0B9D129CA095F00C1C923 /* Project object */;
}
